
Microsoft Visual Studio Solution File, Format Version 12.00
# Visual Studio 15
VisualStudioVersion = 15.0.26730.16
MinimumVisualStudioVersion = 10.0.40219.1
Project("{FAE04EC0-301F-11D3-BF4B-00C04F79EFBC}") = "Teeth", "Teeth.csproj", "{1D30E219-8CB7-4C32-8B25-BCC6486909DB}"
EndProject
Global
	GlobalSection(SolutionConfigurationPlatforms) = preSolution
		Debug|Any CPU = Debug|Any CPU
		Release|Any CPU = Release|Any CPU
	EndGlobalSection
	GlobalSection(ProjectConfigurationPlatforms) = postSolution
		{1D30E219-8CB7-4C32-8B25-BCC6486909DB}.Debug|Any CPU.ActiveCfg = Debug|Any CPU
		{1D30E219-8CB7-4C32-8B25-BCC6486909DB}.Debug|Any CPU.Build.0 = Debug|Any CPU
		{1D30E219-8CB7-4C32-8B25-BCC6486909DB}.Release|Any CPU.ActiveCfg = Release|Any CPU
		{1D30E219-8CB7-4C32-8B25-BCC6486909DB}.Release|Any CPU.Build.0 = Release|Any CPU
	EndGlobalSection
	GlobalSection(SolutionProperties) = preSolution
		HideSolutionNode = FALSE
	EndGlobalSection
	GlobalSection(ExtensibilityGlobals) = postSolution
		SolutionGuid = {301A6077-D163-4DF7-B6F5-8F496AA96683}
	EndGlobalSection
EndGlobal
